
Microsoft Visual Studio Solution File, Format Version 12.00
# Visual Studio Version 16
VisualStudioVersion = 16.0.31005.135
MinimumVisualStudioVersion = 10.0.40219.1
Project("{9A19103F-16F7-4668-BE54-9A1E7A4F7556}") = "AWSLambda1", "AWSLambda1.csproj", "{BCFF24B3-1A52-4E13-AE4E-FB2EB5A6809D}"
EndProject
Project("{9A19103F-16F7-4668-BE54-9A1E7A4F7556}") = "AWSServerless2", "..\AWSServerless2\AWSServerless2.csproj", "{8CC32C36-ADA7-4548-9E81-DFA818ABEC97}"
EndProject
Global
	GlobalSection(SolutionConfigurationPlatforms) = preSolution
		Debug|Any CPU = Debug|Any CPU
		Release|Any CPU = Release|Any CPU
	EndGlobalSection
	GlobalSection(ProjectConfigurationPlatforms) = postSolution
		{BCFF24B3-1A52-4E13-AE4E-FB2EB5A6809D}.Debug|Any CPU.ActiveCfg = Debug|Any CPU
		{BCFF24B3-1A52-4E13-AE4E-FB2EB5A6809D}.Debug|Any CPU.Build.0 = Debug|Any CPU
		{BCFF24B3-1A52-4E13-AE4E-FB2EB5A6809D}.Release|Any CPU.ActiveCfg = Release|Any CPU
		{BCFF24B3-1A52-4E13-AE4E-FB2EB5A6809D}.Release|Any CPU.Build.0 = Release|Any CPU
		{8CC32C36-ADA7-4548-9E81-DFA818ABEC97}.Debug|Any CPU.ActiveCfg = Debug|Any CPU
		{8CC32C36-ADA7-4548-9E81-DFA818ABEC97}.Debug|Any CPU.Build.0 = Debug|Any CPU
		{8CC32C36-ADA7-4548-9E81-DFA818ABEC97}.Release|Any CPU.ActiveCfg = Release|Any CPU
		{8CC32C36-ADA7-4548-9E81-DFA818ABEC97}.Release|Any CPU.Build.0 = Release|Any CPU
	EndGlobalSection
	GlobalSection(SolutionProperties) = preSolution
		HideSolutionNode = FALSE
	EndGlobalSection
	GlobalSection(ExtensibilityGlobals) = postSolution
		SolutionGuid = {73950E25-2F86-4B4F-8243-FD10F6E7C8EA}
	EndGlobalSection
EndGlobal
